
Microsoft Visual Studio Solution File, Format Version 12.00
# Visual Studio Version 17
VisualStudioVersion = 17.10.35013.160
MinimumVisualStudioVersion = 10.0.40219.1
Project("{FAE04EC0-301F-11D3-BF4B-00C04F79EFBC}") = "OpenClosedPrinciple", "OpenClosedPrinciple\OpenClosedPrinciple.csproj", "{C204E6E8-4037-4E6C-8073-41060098E727}"
EndProject
Global
	GlobalSection(SolutionConfigurationPlatforms) = preSolution
		Debug|Any CPU = Debug|Any CPU
		Release|Any CPU = Release|Any CPU
	EndGlobalSection
	GlobalSection(ProjectConfigurationPlatforms) = postSolution
		{C204E6E8-4037-4E6C-8073-41060098E727}.Debug|Any CPU.ActiveCfg = Debug|Any CPU
		{C204E6E8-4037-4E6C-8073-41060098E727}.Debug|Any CPU.Build.0 = Debug|Any CPU
		{C204E6E8-4037-4E6C-8073-41060098E727}.Release|Any CPU.ActiveCfg = Release|Any CPU
		{C204E6E8-4037-4E6C-8073-41060098E727}.Release|Any CPU.Build.0 = Release|Any CPU
	EndGlobalSection
	GlobalSection(SolutionProperties) = preSolution
		HideSolutionNode = FALSE
	EndGlobalSection
	GlobalSection(ExtensibilityGlobals) = postSolution
		SolutionGuid = {8DEA45CA-9391-4606-9EA3-530507342D42}
	EndGlobalSection
EndGlobal
